
Microsoft Visual Studio Solution File, Format Version 12.00
# Visual Studio 15
VisualStudioVersion = 15.0.28307.489
MinimumVisualStudioVersion = 10.0.40219.1
Project("{FAE04EC0-301F-11D3-BF4B-00C04F79EFBC}") = "ConsoleApp1", "ConsoleApp1\ConsoleApp1.csproj", "{D36A469E-CC28-4A1D-9DCD-8E55F38A36EF}"
EndProject
Project("{FAE04EC0-301F-11D3-BF4B-00C04F79EFBC}") = "EPE.BusinessLayer", "EPE.BusinessLayer\EPE.BusinessLayer.csproj", "{8F02BBDC-AC37-4071-A94B-DAF4AE66C7C4}"
EndProject
Project("{FAE04EC0-301F-11D3-BF4B-00C04F79EFBC}") = "EPE.DataAccess", "EPE.DataAccess\EPE.DataAccess.csproj", "{1D13AA49-151B-412F-8440-4FDB13EB14C7}"
EndProject
Project("{FAE04EC0-301F-11D3-BF4B-00C04F79EFBC}") = "EPE.Gui", "EPE.Gui\EPE.Gui.csproj", "{93950E06-8E3A-4CAC-8AA2-5485885EC214}"
EndProject
Global
	GlobalSection(SolutionConfigurationPlatforms) = preSolution
		Debug|Any CPU = Debug|Any CPU
		Release|Any CPU = Release|Any CPU
	EndGlobalSection
	GlobalSection(ProjectConfigurationPlatforms) = postSolution
		{D36A469E-CC28-4A1D-9DCD-8E55F38A36EF}.Debug|Any CPU.ActiveCfg = Debug|Any CPU
		{D36A469E-CC28-4A1D-9DCD-8E55F38A36EF}.Debug|Any CPU.Build.0 = Debug|Any CPU
		{D36A469E-CC28-4A1D-9DCD-8E55F38A36EF}.Release|Any CPU.ActiveCfg = Release|Any CPU
		{D36A469E-CC28-4A1D-9DCD-8E55F38A36EF}.Release|Any CPU.Build.0 = Release|Any CPU
		{8F02BBDC-AC37-4071-A94B-DAF4AE66C7C4}.Debug|Any CPU.ActiveCfg = Debug|Any CPU
		{8F02BBDC-AC37-4071-A94B-DAF4AE66C7C4}.Debug|Any CPU.Build.0 = Debug|Any CPU
		{8F02BBDC-AC37-4071-A94B-DAF4AE66C7C4}.Release|Any CPU.ActiveCfg = Release|Any CPU
		{8F02BBDC-AC37-4071-A94B-DAF4AE66C7C4}.Release|Any CPU.Build.0 = Release|Any CPU
		{1D13AA49-151B-412F-8440-4FDB13EB14C7}.Debug|Any CPU.ActiveCfg = Debug|Any CPU
		{1D13AA49-151B-412F-8440-4FDB13EB14C7}.Debug|Any CPU.Build.0 = Debug|Any CPU
		{1D13AA49-151B-412F-8440-4FDB13EB14C7}.Release|Any CPU.ActiveCfg = Release|Any CPU
		{1D13AA49-151B-412F-8440-4FDB13EB14C7}.Release|Any CPU.Build.0 = Release|Any CPU
		{93950E06-8E3A-4CAC-8AA2-5485885EC214}.Debug|Any CPU.ActiveCfg = Debug|Any CPU
		{93950E06-8E3A-4CAC-8AA2-5485885EC214}.Debug|Any CPU.Build.0 = Debug|Any CPU
		{93950E06-8E3A-4CAC-8AA2-5485885EC214}.Release|Any CPU.ActiveCfg = Release|Any CPU
		{93950E06-8E3A-4CAC-8AA2-5485885EC214}.Release|Any CPU.Build.0 = Release|Any CPU
	EndGlobalSection
	GlobalSection(SolutionProperties) = preSolution
		HideSolutionNode = FALSE
	EndGlobalSection
	GlobalSection(ExtensibilityGlobals) = postSolution
		SolutionGuid = {FC61105E-00D5-429D-96B9-5765421F766D}
	EndGlobalSection
EndGlobal
